
Microsoft Visual Studio Solution File, Format Version 12.00
# Visual Studio Version 17
VisualStudioVersion = 17.0.31903.59
MinimumVisualStudioVersion = 10.0.40219.1
Project("{2150E333-8FDC-42A3-9474-1A3956D46DE8}") = "src", "src", "{827E0CD3-B72D-47B6-A68D-7590B98EB39B}"
EndProject
Project("{FAE04EC0-301F-11D3-BF4B-00C04F79EFBC}") = "CodeRag.Api", "src\CodeRag.Api\CodeRag.Api.csproj", "{5CFA2B09-677A-489E-8700-76ABD3326BD6}"
EndProject
Project("{FAE04EC0-301F-11D3-BF4B-00C04F79EFBC}") = "CodeRag.Application", "src\CodeRag.Application\CodeRag.Application.csproj", "{1C20A948-AE29-4847-B2FB-73472685A5D4}"
EndProject
Project("{FAE04EC0-301F-11D3-BF4B-00C04F79EFBC}") = "CodeRag.Embeddings.Abstraction", "src\CodeRag.Embeddings.Abstraction\CodeRag.Embeddings.Abstraction.csproj", "{8C0B2097-162C-436B-A0F7-0DD750BA28C1}"
EndProject
Project("{FAE04EC0-301F-11D3-BF4B-00C04F79EFBC}") = "CodeRag.Embeddings.Local", "src\CodeRag.Embeddings.Local\CodeRag.Embeddings.Local.csproj", "{2FDEDD2B-FB51-4D08-807F-67BE1B76F150}"
EndProject
Project("{FAE04EC0-301F-11D3-BF4B-00C04F79EFBC}") = "CodeRag.Embeddings.Ollama", "src\CodeRag.Embeddings.Ollama\CodeRag.Embeddings.Ollama.csproj", "{FE7B6EF8-C143-4373-BB1F-8CC8D22C8E84}"
EndProject
Project("{FAE04EC0-301F-11D3-BF4B-00C04F79EFBC}") = "CodeRag.Embeddings.OpenAI", "src\CodeRag.Embeddings.OpenAI\CodeRag.Embeddings.OpenAI.csproj", "{A6C7405B-9F6C-46EA-A144-6C01FFA77329}"
EndProject
Project("{FAE04EC0-301F-11D3-BF4B-00C04F79EFBC}") = "CodeRag.Infrastructure.Database", "src\CodeRag.Infrastructure.Database\CodeRag.Infrastructure.Database.csproj", "{510C044B-AA66-429C-9DE0-4DB090DD4A92}"
EndProject
Project("{2150E333-8FDC-42A3-9474-1A3956D46DE8}") = "tests", "tests", "{0AB3BF05-4346-4AA6-1389-037BE0695223}"
EndProject
Project("{FAE04EC0-301F-11D3-BF4B-00C04F79EFBC}") = "CodeRag.Application.Tests", "tests\CodeRag.Application.Tests\CodeRag.Application.Tests.csproj", "{BB623AF0-897E-4AA7-A61F-1F92AFA515EE}"
EndProject
Project("{FAE04EC0-301F-11D3-BF4B-00C04F79EFBC}") = "CodeRag.Embeddings.Ollama.Tests", "tests\CodeRag.Embeddings.Ollama.Tests\CodeRag.Embeddings.Ollama.Tests.csproj", "{C7CCE9FF-BFAC-4658-9EEB-6AD39BEB1F59}"
EndProject
Project("{FAE04EC0-301F-11D3-BF4B-00C04F79EFBC}") = "CodeRag.Embeddings.OpenAI.Tests", "tests\CodeRag.Embeddings.OpenAI.Tests\CodeRag.Embeddings.OpenAI.Tests.csproj", "{306D2A03-CBBD-4F3F-B372-18E5E729CFC4}"
EndProject
Project("{FAE04EC0-301F-11D3-BF4B-00C04F79EFBC}") = "CodeRag.Embeddings.Local.Tests", "tests\CodeRag.Embeddings.Local.Tests\CodeRag.Embeddings.Local.Tests.csproj", "{5DC077AA-7DE3-42CA-9C60-27D3B5056D09}"
EndProject
Project("{FAE04EC0-301F-11D3-BF4B-00C04F79EFBC}") = "CodeRag.Infrastructure.Database.Tests", "tests\CodeRag.Infrastructure.Database.Tests\CodeRag.Infrastructure.Database.Tests.csproj", "{F2D0E128-0711-4E48-85ED-1083C3BF2C6B}"
EndProject
Project("{FAE04EC0-301F-11D3-BF4B-00C04F79EFBC}") = "CodeRag.Api.Tests", "tests\CodeRag.Api.Tests\CodeRag.Api.Tests.csproj", "{1EDFECE1-B2DD-400F-BBCA-7903FB740D38}"
EndProject
Global
	GlobalSection(SolutionConfigurationPlatforms) = preSolution
		Debug|Any CPU = Debug|Any CPU
		Debug|x64 = Debug|x64
		Debug|x86 = Debug|x86
		Release|Any CPU = Release|Any CPU
		Release|x64 = Release|x64
		Release|x86 = Release|x86
	EndGlobalSection
	GlobalSection(ProjectConfigurationPlatforms) = postSolution
		{5CFA2B09-677A-489E-8700-76ABD3326BD6}.Debug|Any CPU.ActiveCfg = Debug|Any CPU
		{5CFA2B09-677A-489E-8700-76ABD3326BD6}.Debug|Any CPU.Build.0 = Debug|Any CPU
		{5CFA2B09-677A-489E-8700-76ABD3326BD6}.Debug|x64.ActiveCfg = Debug|Any CPU
		{5CFA2B09-677A-489E-8700-76ABD3326BD6}.Debug|x64.Build.0 = Debug|Any CPU
		{5CFA2B09-677A-489E-8700-76ABD3326BD6}.Debug|x86.ActiveCfg = Debug|Any CPU
		{5CFA2B09-677A-489E-8700-76ABD3326BD6}.Debug|x86.Build.0 = Debug|Any CPU
		{5CFA2B09-677A-489E-8700-76ABD3326BD6}.Release|Any CPU.ActiveCfg = Release|Any CPU
		{5CFA2B09-677A-489E-8700-76ABD3326BD6}.Release|Any CPU.Build.0 = Release|Any CPU
		{5CFA2B09-677A-489E-8700-76ABD3326BD6}.Release|x64.ActiveCfg = Release|Any CPU
		{5CFA2B09-677A-489E-8700-76ABD3326BD6}.Release|x64.Build.0 = Release|Any CPU
		{5CFA2B09-677A-489E-8700-76ABD3326BD6}.Release|x86.ActiveCfg = Release|Any CPU
		{5CFA2B09-677A-489E-8700-76ABD3326BD6}.Release|x86.Build.0 = Release|Any CPU
		{1C20A948-AE29-4847-B2FB-73472685A5D4}.Debug|Any CPU.ActiveCfg = Debug|Any CPU
		{1C20A948-AE29-4847-B2FB-73472685A5D4}.Debug|Any CPU.Build.0 = Debug|Any CPU
		{1C20A948-AE29-4847-B2FB-73472685A5D4}.Debug|x64.ActiveCfg = Debug|Any CPU
		{1C20A948-AE29-4847-B2FB-73472685A5D4}.Debug|x64.Build.0 = Debug|Any CPU
		{1C20A948-AE29-4847-B2FB-73472685A5D4}.Debug|x86.ActiveCfg = Debug|Any CPU
		{1C20A948-AE29-4847-B2FB-73472685A5D4}.Debug|x86.Build.0 = Debug|Any CPU
		{1C20A948-AE29-4847-B2FB-73472685A5D4}.Release|Any CPU.ActiveCfg = Release|Any CPU
		{1C20A948-AE29-4847-B2FB-73472685A5D4}.Release|Any CPU.Build.0 = Release|Any CPU
		{1C20A948-AE29-4847-B2FB-73472685A5D4}.Release|x64.ActiveCfg = Release|Any CPU
		{1C20A948-AE29-4847-B2FB-73472685A5D4}.Release|x64.Build.0 = Release|Any CPU
		{1C20A948-AE29-4847-B2FB-73472685A5D4}.Release|x86.ActiveCfg = Release|Any CPU
		{1C20A948-AE29-4847-B2FB-73472685A5D4}.Release|x86.Build.0 = Release|Any CPU
		{8C0B2097-162C-436B-A0F7-0DD750BA28C1}.Debug|Any CPU.ActiveCfg = Debug|Any CPU
		{8C0B2097-162C-436B-A0F7-0DD750BA28C1}.Debug|Any CPU.Build.0 = Debug|Any CPU
		{8C0B2097-162C-436B-A0F7-0DD750BA28C1}.Debug|x64.ActiveCfg = Debug|Any CPU
		{8C0B2097-162C-436B-A0F7-0DD750BA28C1}.Debug|x64.Build.0 = Debug|Any CPU
		{8C0B2097-162C-436B-A0F7-0DD750BA28C1}.Debug|x86.ActiveCfg = Debug|Any CPU
		{8C0B2097-162C-436B-A0F7-0DD750BA28C1}.Debug|x86.Build.0 = Debug|Any CPU
		{8C0B2097-162C-436B-A0F7-0DD750BA28C1}.Release|Any CPU.ActiveCfg = Release|Any CPU
		{8C0B2097-162C-436B-A0F7-0DD750BA28C1}.Release|Any CPU.Build.0 = Release|Any CPU
		{8C0B2097-162C-436B-A0F7-0DD750BA28C1}.Release|x64.ActiveCfg = Release|Any CPU
		{8C0B2097-162C-436B-A0F7-0DD750BA28C1}.Release|x64.Build.0 = Release|Any CPU
		{8C0B2097-162C-436B-A0F7-0DD750BA28C1}.Release|x86.ActiveCfg = Release|Any CPU
		{8C0B2097-162C-436B-A0F7-0DD750BA28C1}.Release|x86.Build.0 = Release|Any CPU
		{2FDEDD2B-FB51-4D08-807F-67BE1B76F150}.Debug|Any CPU.ActiveCfg = Debug|Any CPU
		{2FDEDD2B-FB51-4D08-807F-67BE1B76F150}.Debug|Any CPU.Build.0 = Debug|Any CPU
		{2FDEDD2B-FB51-4D08-807F-67BE1B76F150}.Debug|x64.ActiveCfg = Debug|Any CPU
		{2FDEDD2B-FB51-4D08-807F-67BE1B76F150}.Debug|x64.Build.0 = Debug|Any CPU
		{2FDEDD2B-FB51-4D08-807F-67BE1B76F150}.Debug|x86.ActiveCfg = Debug|Any CPU
		{2FDEDD2B-FB51-4D08-807F-67BE1B76F150}.Debug|x86.Build.0 = Debug|Any CPU
		{2FDEDD2B-FB51-4D08-807F-67BE1B76F150}.Release|Any CPU.ActiveCfg = Release|Any CPU
		{2FDEDD2B-FB51-4D08-807F-67BE1B76F150}.Release|Any CPU.Build.0 = Release|Any CPU
		{2FDEDD2B-FB51-4D08-807F-67BE1B76F150}.Release|x64.ActiveCfg = Release|Any CPU
		{2FDEDD2B-FB51-4D08-807F-67BE1B76F150}.Release|x64.Build.0 = Release|Any CPU
		{2FDEDD2B-FB51-4D08-807F-67BE1B76F150}.Release|x86.ActiveCfg = Release|Any CPU
		{2FDEDD2B-FB51-4D08-807F-67BE1B76F150}.Release|x86.Build.0 = Release|Any CPU
		{FE7B6EF8-C143-4373-BB1F-8CC8D22C8E84}.Debug|Any CPU.ActiveCfg = Debug|Any CPU
		{FE7B6EF8-C143-4373-BB1F-8CC8D22C8E84}.Debug|Any CPU.Build.0 = Debug|Any CPU
		{FE7B6EF8-C143-4373-BB1F-8CC8D22C8E84}.Debug|x64.ActiveCfg = Debug|Any CPU
		{FE7B6EF8-C143-4373-BB1F-8CC8D22C8E84}.Debug|x64.Build.0 = Debug|Any CPU
		{FE7B6EF8-C143-4373-BB1F-8CC8D22C8E84}.Debug|x86.ActiveCfg = Debug|Any CPU
		{FE7B6EF8-C143-4373-BB1F-8CC8D22C8E84}.Debug|x86.Build.0 = Debug|Any CPU
		{FE7B6EF8-C143-4373-BB1F-8CC8D22C8E84}.Release|Any CPU.ActiveCfg = Release|Any CPU
		{FE7B6EF8-C143-4373-BB1F-8CC8D22C8E84}.Release|Any CPU.Build.0 = Release|Any CPU
		{FE7B6EF8-C143-4373-BB1F-8CC8D22C8E84}.Release|x64.ActiveCfg = Release|Any CPU
		{FE7B6EF8-C143-4373-BB1F-8CC8D22C8E84}.Release|x64.Build.0 = Release|Any CPU
		{FE7B6EF8-C143-4373-BB1F-8CC8D22C8E84}.Release|x86.ActiveCfg = Release|Any CPU
		{FE7B6EF8-C143-4373-BB1F-8CC8D22C8E84}.Release|x86.Build.0 = Release|Any CPU
		{A6C7405B-9F6C-46EA-A144-6C01FFA77329}.Debug|Any CPU.ActiveCfg = Debug|Any CPU
		{A6C7405B-9F6C-46EA-A144-6C01FFA77329}.Debug|Any CPU.Build.0 = Debug|Any CPU
		{A6C7405B-9F6C-46EA-A144-6C01FFA77329}.Debug|x64.ActiveCfg = Debug|Any CPU
		{A6C7405B-9F6C-46EA-A144-6C01FFA77329}.Debug|x64.Build.0 = Debug|Any CPU
		{A6C7405B-9F6C-46EA-A144-6C01FFA77329}.Debug|x86.ActiveCfg = Debug|Any CPU
		{A6C7405B-9F6C-46EA-A144-6C01FFA77329}.Debug|x86.Build.0 = Debug|Any CPU
		{A6C7405B-9F6C-46EA-A144-6C01FFA77329}.Release|Any CPU.ActiveCfg = Release|Any CPU
		{A6C7405B-9F6C-46EA-A144-6C01FFA77329}.Release|Any CPU.Build.0 = Release|Any CPU
		{A6C7405B-9F6C-46EA-A144-6C01FFA77329}.Release|x64.ActiveCfg = Release|Any CPU
		{A6C7405B-9F6C-46EA-A144-6C01FFA77329}.Release|x64.Build.0 = Release|Any CPU
		{A6C7405B-9F6C-46EA-A144-6C01FFA77329}.Release|x86.ActiveCfg = Release|Any CPU
		{A6C7405B-9F6C-46EA-A144-6C01FFA77329}.Release|x86.Build.0 = Release|Any CPU
		{510C044B-AA66-429C-9DE0-4DB090DD4A92}.Debug|Any CPU.ActiveCfg = Debug|Any CPU
		{510C044B-AA66-429C-9DE0-4DB090DD4A92}.Debug|Any CPU.Build.0 = Debug|Any CPU
		{510C044B-AA66-429C-9DE0-4DB090DD4A92}.Debug|x64.ActiveCfg = Debug|Any CPU
		{510C044B-AA66-429C-9DE0-4DB090DD4A92}.Debug|x64.Build.0 = Debug|Any CPU
		{510C044B-AA66-429C-9DE0-4DB090DD4A92}.Debug|x86.ActiveCfg = Debug|Any CPU
		{510C044B-AA66-429C-9DE0-4DB090DD4A92}.Debug|x86.Build.0 = Debug|Any CPU
		{510C044B-AA66-429C-9DE0-4DB090DD4A92}.Release|Any CPU.ActiveCfg = Release|Any CPU
		{510C044B-AA66-429C-9DE0-4DB090DD4A92}.Release|Any CPU.Build.0 = Release|Any CPU
		{510C044B-AA66-429C-9DE0-4DB090DD4A92}.Release|x64.ActiveCfg = Release|Any CPU
		{510C044B-AA66-429C-9DE0-4DB090DD4A92}.Release|x64.Build.0 = Release|Any CPU
		{510C044B-AA66-429C-9DE0-4DB090DD4A92}.Release|x86.ActiveCfg = Release|Any CPU
		{510C044B-AA66-429C-9DE0-4DB090DD4A92}.Release|x86.Build.0 = Release|Any CPU
		{BB623AF0-897E-4AA7-A61F-1F92AFA515EE}.Debug|Any CPU.ActiveCfg = Debug|Any CPU
		{BB623AF0-897E-4AA7-A61F-1F92AFA515EE}.Debug|Any CPU.Build.0 = Debug|Any CPU
		{BB623AF0-897E-4AA7-A61F-1F92AFA515EE}.Debug|x64.ActiveCfg = Debug|Any CPU
		{BB623AF0-897E-4AA7-A61F-1F92AFA515EE}.Debug|x64.Build.0 = Debug|Any CPU
		{BB623AF0-897E-4AA7-A61F-1F92AFA515EE}.Debug|x86.ActiveCfg = Debug|Any CPU
		{BB623AF0-897E-4AA7-A61F-1F92AFA515EE}.Debug|x86.Build.0 = Debug|Any CPU
		{BB623AF0-897E-4AA7-A61F-1F92AFA515EE}.Release|Any CPU.ActiveCfg = Release|Any CPU
		{BB623AF0-897E-4AA7-A61F-1F92AFA515EE}.Release|Any CPU.Build.0 = Release|Any CPU
		{BB623AF0-897E-4AA7-A61F-1F92AFA515EE}.Release|x64.ActiveCfg = Release|Any CPU
		{BB623AF0-897E-4AA7-A61F-1F92AFA515EE}.Release|x64.Build.0 = Release|Any CPU
		{BB623AF0-897E-4AA7-A61F-1F92AFA515EE}.Release|x86.ActiveCfg = Release|Any CPU
		{BB623AF0-897E-4AA7-A61F-1F92AFA515EE}.Release|x86.Build.0 = Release|Any CPU
		{C7CCE9FF-BFAC-4658-9EEB-6AD39BEB1F59}.Debug|Any CPU.ActiveCfg = Debug|Any CPU
		{C7CCE9FF-BFAC-4658-9EEB-6AD39BEB1F59}.Debug|Any CPU.Build.0 = Debug|Any CPU
		{C7CCE9FF-BFAC-4658-9EEB-6AD39BEB1F59}.Debug|x64.ActiveCfg = Debug|Any CPU
		{C7CCE9FF-BFAC-4658-9EEB-6AD39BEB1F59}.Debug|x64.Build.0 = Debug|Any CPU
		{C7CCE9FF-BFAC-4658-9EEB-6AD39BEB1F59}.Debug|x86.ActiveCfg = Debug|Any CPU
		{C7CCE9FF-BFAC-4658-9EEB-6AD39BEB1F59}.Debug|x86.Build.0 = Debug|Any CPU
		{C7CCE9FF-BFAC-4658-9EEB-6AD39BEB1F59}.Release|Any CPU.ActiveCfg = Release|Any CPU
		{C7CCE9FF-BFAC-4658-9EEB-6AD39BEB1F59}.Release|Any CPU.Build.0 = Release|Any CPU
		{C7CCE9FF-BFAC-4658-9EEB-6AD39BEB1F59}.Release|x64.ActiveCfg = Release|Any CPU
		{C7CCE9FF-BFAC-4658-9EEB-6AD39BEB1F59}.Release|x64.Build.0 = Release|Any CPU
		{C7CCE9FF-BFAC-4658-9EEB-6AD39BEB1F59}.Release|x86.ActiveCfg = Release|Any CPU
		{C7CCE9FF-BFAC-4658-9EEB-6AD39BEB1F59}.Release|x86.Build.0 = Release|Any CPU
		{306D2A03-CBBD-4F3F-B372-18E5E729CFC4}.Debug|Any CPU.ActiveCfg = Debug|Any CPU
		{306D2A03-CBBD-4F3F-B372-18E5E729CFC4}.Debug|Any CPU.Build.0 = Debug|Any CPU
		{306D2A03-CBBD-4F3F-B372-18E5E729CFC4}.Debug|x64.ActiveCfg = Debug|Any CPU
		{306D2A03-CBBD-4F3F-B372-18E5E729CFC4}.Debug|x64.Build.0 = Debug|Any CPU
		{306D2A03-CBBD-4F3F-B372-18E5E729CFC4}.Debug|x86.ActiveCfg = Debug|Any CPU
		{306D2A03-CBBD-4F3F-B372-18E5E729CFC4}.Debug|x86.Build.0 = Debug|Any CPU
		{306D2A03-CBBD-4F3F-B372-18E5E729CFC4}.Release|Any CPU.ActiveCfg = Release|Any CPU
		{306D2A03-CBBD-4F3F-B372-18E5E729CFC4}.Release|Any CPU.Build.0 = Release|Any CPU
		{306D2A03-CBBD-4F3F-B372-18E5E729CFC4}.Release|x64.ActiveCfg = Release|Any CPU
		{306D2A03-CBBD-4F3F-B372-18E5E729CFC4}.Release|x64.Build.0 = Release|Any CPU
		{306D2A03-CBBD-4F3F-B372-18E5E729CFC4}.Release|x86.ActiveCfg = Release|Any CPU
		{306D2A03-CBBD-4F3F-B372-18E5E729CFC4}.Release|x86.Build.0 = Release|Any CPU
		{5DC077AA-7DE3-42CA-9C60-27D3B5056D09}.Debug|Any CPU.ActiveCfg = Debug|Any CPU
		{5DC077AA-7DE3-42CA-9C60-27D3B5056D09}.Debug|Any CPU.Build.0 = Debug|Any CPU
		{5DC077AA-7DE3-42CA-9C60-27D3B5056D09}.Debug|x64.ActiveCfg = Debug|Any CPU
		{5DC077AA-7DE3-42CA-9C60-27D3B5056D09}.Debug|x64.Build.0 = Debug|Any CPU
		{5DC077AA-7DE3-42CA-9C60-27D3B5056D09}.Debug|x86.ActiveCfg = Debug|Any CPU
		{5DC077AA-7DE3-42CA-9C60-27D3B5056D09}.Debug|x86.Build.0 = Debug|Any CPU
		{5DC077AA-7DE3-42CA-9C60-27D3B5056D09}.Release|Any CPU.ActiveCfg = Release|Any CPU
		{5DC077AA-7DE3-42CA-9C60-27D3B5056D09}.Release|Any CPU.Build.0 = Release|Any CPU
		{5DC077AA-7DE3-42CA-9C60-27D3B5056D09}.Release|x64.ActiveCfg = Release|Any CPU
		{5DC077AA-7DE3-42CA-9C60-27D3B5056D09}.Release|x64.Build.0 = Release|Any CPU
		{5DC077AA-7DE3-42CA-9C60-27D3B5056D09}.Release|x86.ActiveCfg = Release|Any CPU
		{5DC077AA-7DE3-42CA-9C60-27D3B5056D09}.Release|x86.Build.0 = Release|Any CPU
		{F2D0E128-0711-4E48-85ED-1083C3BF2C6B}.Debug|Any CPU.ActiveCfg = Debug|Any CPU
		{F2D0E128-0711-4E48-85ED-1083C3BF2C6B}.Debug|Any CPU.Build.0 = Debug|Any CPU
		{F2D0E128-0711-4E48-85ED-1083C3BF2C6B}.Debug|x64.ActiveCfg = Debug|Any CPU
		{F2D0E128-0711-4E48-85ED-1083C3BF2C6B}.Debug|x64.Build.0 = Debug|Any CPU
		{F2D0E128-0711-4E48-85ED-1083C3BF2C6B}.Debug|x86.ActiveCfg = Debug|Any CPU
		{F2D0E128-0711-4E48-85ED-1083C3BF2C6B}.Debug|x86.Build.0 = Debug|Any CPU
		{F2D0E128-0711-4E48-85ED-1083C3BF2C6B}.Release|Any CPU.ActiveCfg = Release|Any CPU
		{F2D0E128-0711-4E48-85ED-1083C3BF2C6B}.Release|Any CPU.Build.0 = Release|Any CPU
		{F2D0E128-0711-4E48-85ED-1083C3BF2C6B}.Release|x64.ActiveCfg = Release|Any CPU
		{F2D0E128-0711-4E48-85ED-1083C3BF2C6B}.Release|x64.Build.0 = Release|Any CPU
		{F2D0E128-0711-4E48-85ED-1083C3BF2C6B}.Release|x86.ActiveCfg = Release|Any CPU
		{F2D0E128-0711-4E48-85ED-1083C3BF2C6B}.Release|x86.Build.0 = Release|Any CPU
		{1EDFECE1-B2DD-400F-BBCA-7903FB740D38}.Debug|Any CPU.ActiveCfg = Debug|Any CPU
		{1EDFECE1-B2DD-400F-BBCA-7903FB740D38}.Debug|Any CPU.Build.0 = Debug|Any CPU
		{1EDFECE1-B2DD-400F-BBCA-7903FB740D38}.Debug|x64.ActiveCfg = Debug|Any CPU
		{1EDFECE1-B2DD-400F-BBCA-7903FB740D38}.Debug|x64.Build.0 = Debug|Any CPU
		{1EDFECE1-B2DD-400F-BBCA-7903FB740D38}.Debug|x86.ActiveCfg = Debug|Any CPU
		{1EDFECE1-B2DD-400F-BBCA-7903FB740D38}.Debug|x86.Build.0 = Debug|Any CPU
		{1EDFECE1-B2DD-400F-BBCA-7903FB740D38}.Release|Any CPU.ActiveCfg = Release|Any CPU
		{1EDFECE1-B2DD-400F-BBCA-7903FB740D38}.Release|Any CPU.Build.0 = Release|Any CPU
		{1EDFECE1-B2DD-400F-BBCA-7903FB740D38}.Release|x64.ActiveCfg = Release|Any CPU
		{1EDFECE1-B2DD-400F-BBCA-7903FB740D38}.Release|x64.Build.0 = Release|Any CPU
		{1EDFECE1-B2DD-400F-BBCA-7903FB740D38}.Release|x86.ActiveCfg = Release|Any CPU
		{1EDFECE1-B2DD-400F-BBCA-7903FB740D38}.Release|x86.Build.0 = Release|Any CPU
	EndGlobalSection
	GlobalSection(SolutionProperties) = preSolution
		HideSolutionNode = FALSE
	EndGlobalSection
	GlobalSection(NestedProjects) = preSolution
		{5CFA2B09-677A-489E-8700-76ABD3326BD6} = {827E0CD3-B72D-47B6-A68D-7590B98EB39B}
		{1C20A948-AE29-4847-B2FB-73472685A5D4} = {827E0CD3-B72D-47B6-A68D-7590B98EB39B}
		{8C0B2097-162C-436B-A0F7-0DD750BA28C1} = {827E0CD3-B72D-47B6-A68D-7590B98EB39B}
		{2FDEDD2B-FB51-4D08-807F-67BE1B76F150} = {827E0CD3-B72D-47B6-A68D-7590B98EB39B}
		{FE7B6EF8-C143-4373-BB1F-8CC8D22C8E84} = {827E0CD3-B72D-47B6-A68D-7590B98EB39B}
		{A6C7405B-9F6C-46EA-A144-6C01FFA77329} = {827E0CD3-B72D-47B6-A68D-7590B98EB39B}
		{510C044B-AA66-429C-9DE0-4DB090DD4A92} = {827E0CD3-B72D-47B6-A68D-7590B98EB39B}
		{BB623AF0-897E-4AA7-A61F-1F92AFA515EE} = {0AB3BF05-4346-4AA6-1389-037BE0695223}
		{C7CCE9FF-BFAC-4658-9EEB-6AD39BEB1F59} = {0AB3BF05-4346-4AA6-1389-037BE0695223}
		{306D2A03-CBBD-4F3F-B372-18E5E729CFC4} = {0AB3BF05-4346-4AA6-1389-037BE0695223}
		{5DC077AA-7DE3-42CA-9C60-27D3B5056D09} = {0AB3BF05-4346-4AA6-1389-037BE0695223}
		{F2D0E128-0711-4E48-85ED-1083C3BF2C6B} = {0AB3BF05-4346-4AA6-1389-037BE0695223}
		{1EDFECE1-B2DD-400F-BBCA-7903FB740D38} = {0AB3BF05-4346-4AA6-1389-037BE0695223}
	EndGlobalSection
EndGlobal
